
Microsoft Visual Studio Solution File, Format Version 12.00
# Visual Studio Version 17
VisualStudioVersion = 17.5.33502.453
MinimumVisualStudioVersion = 10.0.40219.1
Project("{FAE04EC0-301F-11D3-BF4B-00C04F79EFBC}") = "1. typy wyliczeniowe", "1. typy wyliczeniowe.csproj", "{06804486-D977-4C8E-957D-B7ED77D8756A}"
EndProject
Global
	GlobalSection(SolutionConfigurationPlatforms) = preSolution
		Debug|Any CPU = Debug|Any CPU
		Release|Any CPU = Release|Any CPU
	EndGlobalSection
	GlobalSection(ProjectConfigurationPlatforms) = postSolution
		{06804486-D977-4C8E-957D-B7ED77D8756A}.Debug|Any CPU.ActiveCfg = Debug|Any CPU
		{06804486-D977-4C8E-957D-B7ED77D8756A}.Debug|Any CPU.Build.0 = Debug|Any CPU
		{06804486-D977-4C8E-957D-B7ED77D8756A}.Release|Any CPU.ActiveCfg = Release|Any CPU
		{06804486-D977-4C8E-957D-B7ED77D8756A}.Release|Any CPU.Build.0 = Release|Any CPU
	EndGlobalSection
	GlobalSection(SolutionProperties) = preSolution
		HideSolutionNode = FALSE
	EndGlobalSection
	GlobalSection(ExtensibilityGlobals) = postSolution
		SolutionGuid = {EE90D70A-C7A1-459C-86D6-3F6D4B4E9F92}
	EndGlobalSection
EndGlobal
